
Microsoft Visual Studio Solution File, Format Version 12.00
# Visual Studio Version 17
VisualStudioVersion = 17.9.34902.65
MinimumVisualStudioVersion = 10.0.40219.1
Project("{FAE04EC0-301F-11D3-BF4B-00C04F79EFBC}") = "Exercicío05", "Exercicío05\Exercicío05.csproj", "{EB26A7C8-2967-4406-A007-92DFB020CE91}"
EndProject
Global
	GlobalSection(SolutionConfigurationPlatforms) = preSolution
		Debug|Any CPU = Debug|Any CPU
		Release|Any CPU = Release|Any CPU
	EndGlobalSection
	GlobalSection(ProjectConfigurationPlatforms) = postSolution
		{EB26A7C8-2967-4406-A007-92DFB020CE91}.Debug|Any CPU.ActiveCfg = Debug|Any CPU
		{EB26A7C8-2967-4406-A007-92DFB020CE91}.Debug|Any CPU.Build.0 = Debug|Any CPU
		{EB26A7C8-2967-4406-A007-92DFB020CE91}.Release|Any CPU.ActiveCfg = Release|Any CPU
		{EB26A7C8-2967-4406-A007-92DFB020CE91}.Release|Any CPU.Build.0 = Release|Any CPU
	EndGlobalSection
	GlobalSection(SolutionProperties) = preSolution
		HideSolutionNode = FALSE
	EndGlobalSection
	GlobalSection(ExtensibilityGlobals) = postSolution
		SolutionGuid = {0ED3746F-F672-45B5-A404-B3D957740239}
	EndGlobalSection
EndGlobal
