
Microsoft Visual Studio Solution File, Format Version 12.00
# Visual Studio Version 17
VisualStudioVersion = 17.9.34902.65
MinimumVisualStudioVersion = 10.0.40219.1
Project("{FAE04EC0-301F-11D3-BF4B-00C04F79EFBC}") = "Exercicío06", "Exercicío06\Exercicío06.csproj", "{FCB5120E-32EC-4F52-BF04-396B341F946F}"
EndProject
Global
	GlobalSection(SolutionConfigurationPlatforms) = preSolution
		Debug|Any CPU = Debug|Any CPU
		Release|Any CPU = Release|Any CPU
	EndGlobalSection
	GlobalSection(ProjectConfigurationPlatforms) = postSolution
		{FCB5120E-32EC-4F52-BF04-396B341F946F}.Debug|Any CPU.ActiveCfg = Debug|Any CPU
		{FCB5120E-32EC-4F52-BF04-396B341F946F}.Debug|Any CPU.Build.0 = Debug|Any CPU
		{FCB5120E-32EC-4F52-BF04-396B341F946F}.Release|Any CPU.ActiveCfg = Release|Any CPU
		{FCB5120E-32EC-4F52-BF04-396B341F946F}.Release|Any CPU.Build.0 = Release|Any CPU
	EndGlobalSection
	GlobalSection(SolutionProperties) = preSolution
		HideSolutionNode = FALSE
	EndGlobalSection
	GlobalSection(ExtensibilityGlobals) = postSolution
		SolutionGuid = {BF1D8CAE-E4E8-4011-BC08-63D25407FAA4}
	EndGlobalSection
EndGlobal
